PODS:
  - AFNetworking (4.0.1):
    - AFNetworking/NSURLSession (= 4.0.1)
    - AFNetworking/Reachability (= 4.0.1)
    - AFNetworking/Security (= 4.0.1)
    - AFNetworking/Serialization (= 4.0.1)
    - AFNetworking/UIKit (= 4.0.1)
  - AFNetworking/NSURLSession (4.0.1):
    - AFNetworking/Reachability
    - AFNetworking/Security
    - AFNetworking/Serialization
  - AFNetworking/Reachability (4.0.1)
  - AFNetworking/Security (4.0.1)
  - AFNetworking/Serialization (4.0.1)
  - AFNetworking/UIKit (4.0.1):
    - AFNetworking/NSURLSession
  - ChameleonFramework (2.1.0):
    - ChameleonFramework/Default (= 2.1.0)
  - ChameleonFramework/Default (2.1.0)
  - Charts (3.6.0):
    - Charts/Core (= 3.6.0)
  - Charts/Core (3.6.0)
  - INSTomato (0.0.15):
    - AFNetworking (~> 4.0)
    - ChameleonFramework
    - Charts
    - Masonry
    - PulsingHalo
    - SCLAlertView-Objective-C
    - SVProgressHUD
  - Masonry (1.1.0)
  - PulsingHalo (0.2.10)
  - SCLAlertView-Objective-C (1.2.0)
  - SVProgressHUD (2.2.5)

DEPENDENCIES:
  - INSTomato (from `../`)

SPEC REPOS:
  trunk:
    - AFNetworking
    - ChameleonFramework
    - Charts
    - Masonry
    - PulsingHalo
    - SCLAlertView-Objective-C
    - SVProgressHUD

EXTERNAL SOURCES:
  INSTomato:
    :path: "../"

SPEC CHECKSUMS:
  AFNetworking: 7864c38297c79aaca1500c33288e429c3451fdce
  ChameleonFramework: d21a3cc247abfe5e37609a283a8238b03575cf64
  Charts: b1e3a1f5a1c9ba5394438ca3b91bd8c9076310af
  INSTomato: 1ef223919a067b61371930050727d0ede93c0c4a
  Masonry: 678fab65091a9290e40e2832a55e7ab731aad201
  PulsingHalo: 1a9c6b65a8e12ac9eee1627fc8476efcce8e1918
  SCLAlertView-Objective-C: 84f12f66d779dadad7f293e5e8b7697ba4254ee0
  SVProgressHUD: 1428aafac632c1f86f62aa4243ec12008d7a51d6

PODFILE CHECKSUM: 44938c4df2d161cfb32b4b0284663bb3f05e0218

COCOAPODS: 1.10.1
